{
  "schema": 1,
  "modules": [
    {
      "id": "tetravox.seeg",
      "version": "0.1.0",
      "hostApi": 1,
      "repo": "idossha/tetravox-seeg",
      "tag": "v0.1.0",
      "bundled": true,
      "files": [
        { "name": "index.js", "bytes": 105532, "sha256": "e2d99582b68db6dd9d75ef47d2f348ee92611a8e7aaa404a220edcaab4501984" },
        { "name": "manifest.json", "bytes": 4300, "sha256": "90602a6dbdccd6145d1fad3c9cde70db8fa92b5ab7de25cce0bb4c4dedc79c52" }
      ]
    }
  ]
}
