{
  "schema": 1,
  "modules": [
    {
      "id": "tetravox.seeg",
      "version": "0.1.2",
      "hostApi": 1,
      "repo": "idossha/tetravox-seeg",
      "tag": "v0.1.2",
      "bundled": true,
      "files": [
        { "name": "index.js", "bytes": 110679, "sha256": "53f884b2eb40078a5596e171e89321344fdb46c76b6ae26c5454da55ab89901f" },
        { "name": "manifest.json", "bytes": 4300, "sha256": "cbdf130b68d9c11967dad2c2191868cc648a82940b43614fee4b142fb53082f4" }
      ]
    }
  ]
}
